
Microsoft Visual Studio Solution File, Format Version 12.00
# Visual Studio Version 16
VisualStudioVersion = 16.0.30517.126
MinimumVisualStudioVersion = 10.0.40219.1
Project("{9A19103F-16F7-4668-BE54-9A1E7A4F7556}") = "API", "API\API.csproj", "{EEB40C02-4159-4692-A246-F24A23CB1DB5}"
EndProject
Project("{9A19103F-16F7-4668-BE54-9A1E7A4F7556}") = "UnitTests", "UnitTests\UnitTests.csproj", "{D3052E53-1AEE-44E7-ABE3-DCFD4DBB9AE8}"
EndProject
Project("{9A19103F-16F7-4668-BE54-9A1E7A4F7556}") = "Features", "Features\Features.csproj", "{19AE98C4-A00F-4A70-B47E-C37BF51FE335}"
EndProject
Project("{FAE04EC0-301F-11D3-BF4B-00C04F79EFBC}") = "MyServices", "MyServices\MyServices.csproj", "{6162A7C1-B35C-49BB-B760-9050AB25B815}"
EndProject
Global
	GlobalSection(SolutionConfigurationPlatforms) = preSolution
		Debug|Any CPU = Debug|Any CPU
		Release|Any CPU = Release|Any CPU
	EndGlobalSection
	GlobalSection(ProjectConfigurationPlatforms) = postSolution
		{EEB40C02-4159-4692-A246-F24A23CB1DB5}.Debug|Any CPU.ActiveCfg = Debug|Any CPU
		{EEB40C02-4159-4692-A246-F24A23CB1DB5}.Debug|Any CPU.Build.0 = Debug|Any CPU
		{EEB40C02-4159-4692-A246-F24A23CB1DB5}.Release|Any CPU.ActiveCfg = Release|Any CPU
		{EEB40C02-4159-4692-A246-F24A23CB1DB5}.Release|Any CPU.Build.0 = Release|Any CPU
		{D3052E53-1AEE-44E7-ABE3-DCFD4DBB9AE8}.Debug|Any CPU.ActiveCfg = Debug|Any CPU
		{D3052E53-1AEE-44E7-ABE3-DCFD4DBB9AE8}.Debug|Any CPU.Build.0 = Debug|Any CPU
		{D3052E53-1AEE-44E7-ABE3-DCFD4DBB9AE8}.Release|Any CPU.ActiveCfg = Release|Any CPU
		{D3052E53-1AEE-44E7-ABE3-DCFD4DBB9AE8}.Release|Any CPU.Build.0 = Release|Any CPU
		{19AE98C4-A00F-4A70-B47E-C37BF51FE335}.Debug|Any CPU.ActiveCfg = Debug|Any CPU
		{19AE98C4-A00F-4A70-B47E-C37BF51FE335}.Debug|Any CPU.Build.0 = Debug|Any CPU
		{19AE98C4-A00F-4A70-B47E-C37BF51FE335}.Release|Any CPU.ActiveCfg = Release|Any CPU
		{19AE98C4-A00F-4A70-B47E-C37BF51FE335}.Release|Any CPU.Build.0 = Release|Any CPU
		{6162A7C1-B35C-49BB-B760-9050AB25B815}.Debug|Any CPU.ActiveCfg = Debug|Any CPU
		{6162A7C1-B35C-49BB-B760-9050AB25B815}.Debug|Any CPU.Build.0 = Debug|Any CPU
		{6162A7C1-B35C-49BB-B760-9050AB25B815}.Release|Any CPU.ActiveCfg = Release|Any CPU
		{6162A7C1-B35C-49BB-B760-9050AB25B815}.Release|Any CPU.Build.0 = Release|Any CPU
	EndGlobalSection
	GlobalSection(SolutionProperties) = preSolution
		HideSolutionNode = FALSE
	EndGlobalSection
	GlobalSection(ExtensibilityGlobals) = postSolution
		SolutionGuid = {12F30153-566E-4CCB-AB9A-9E72BB0CCB1C}
	EndGlobalSection
EndGlobal
